
Microsoft Visual Studio Solution File, Format Version 12.00
# Visual Studio 2013
VisualStudioVersion = 12.0.31101.0
MinimumVisualStudioVersion = 10.0.40219.1
Project("{FAE04EC0-301F-11D3-BF4B-00C04F79EFBC}") = "CSharpAnalytics.Net4", "CSharpAnalytics\CSharpAnalytics.Net4.csproj", "{0334B071-1FB1-4372-B500-4BC58A11EE59}"
EndProject
Project("{2150E333-8FDC-42A3-9474-1A3956D46DE8}") = ".NET 4", ".NET 4", "{B6D30B2A-B2CC-4BAD-A5AB-8ABD7B665EE7}"
EndProject
Project("{FAE04EC0-301F-11D3-BF4B-00C04F79EFBC}") = "CSharpAnalytics.Sample.WinForms", "Samples\CSharpAnalytics.Sample.WinForms\CSharpAnalytics.Sample.WinForms.csproj", "{07DDA3AD-EE3B-4FE5-B532-059629C6A24E}"
EndProject
Project("{2150E333-8FDC-42A3-9474-1A3956D46DE8}") = "Samples", "Samples", "{3F625E98-D620-4CF3-BD83-5C97B7360496}"
EndProject
Global
	GlobalSection(SolutionConfigurationPlatforms) = preSolution
		Debug|Any CPU = Debug|Any CPU
		Debug|ARM = Debug|ARM
		Debug|Mixed Platforms = Debug|Mixed Platforms
		Debug|x64 = Debug|x64
		Debug|x86 = Debug|x86
		Release|Any CPU = Release|Any CPU
		Release|ARM = Release|ARM
		Release|Mixed Platforms = Release|Mixed Platforms
		Release|x64 = Release|x64
		Release|x86 = Release|x86
	EndGlobalSection
	GlobalSection(ProjectConfigurationPlatforms) = postSolution
		{0334B071-1FB1-4372-B500-4BC58A11EE59}.Debug|Any CPU.ActiveCfg = Debug|Any CPU
		{0334B071-1FB1-4372-B500-4BC58A11EE59}.Debug|Any CPU.Build.0 = Debug|Any CPU
		{0334B071-1FB1-4372-B500-4BC58A11EE59}.Debug|ARM.ActiveCfg = Debug|Any CPU
		{0334B071-1FB1-4372-B500-4BC58A11EE59}.Debug|Mixed Platforms.ActiveCfg = Debug|Any CPU
		{0334B071-1FB1-4372-B500-4BC58A11EE59}.Debug|Mixed Platforms.Build.0 = Debug|Any CPU
		{0334B071-1FB1-4372-B500-4BC58A11EE59}.Debug|x64.ActiveCfg = Debug|Any CPU
		{0334B071-1FB1-4372-B500-4BC58A11EE59}.Debug|x86.ActiveCfg = Debug|Any CPU
		{0334B071-1FB1-4372-B500-4BC58A11EE59}.Release|Any CPU.ActiveCfg = Release|Any CPU
		{0334B071-1FB1-4372-B500-4BC58A11EE59}.Release|Any CPU.Build.0 = Release|Any CPU
		{0334B071-1FB1-4372-B500-4BC58A11EE59}.Release|ARM.ActiveCfg = Release|Any CPU
		{0334B071-1FB1-4372-B500-4BC58A11EE59}.Release|Mixed Platforms.ActiveCfg = Release|Any CPU
		{0334B071-1FB1-4372-B500-4BC58A11EE59}.Release|Mixed Platforms.Build.0 = Release|Any CPU
		{0334B071-1FB1-4372-B500-4BC58A11EE59}.Release|x64.ActiveCfg = Release|Any CPU
		{0334B071-1FB1-4372-B500-4BC58A11EE59}.Release|x86.ActiveCfg = Release|Any CPU
		{07DDA3AD-EE3B-4FE5-B532-059629C6A24E}.Debug|Any CPU.ActiveCfg = Debug|Any CPU
		{07DDA3AD-EE3B-4FE5-B532-059629C6A24E}.Debug|Any CPU.Build.0 = Debug|Any CPU
		{07DDA3AD-EE3B-4FE5-B532-059629C6A24E}.Debug|ARM.ActiveCfg = Debug|Any CPU
		{07DDA3AD-EE3B-4FE5-B532-059629C6A24E}.Debug|Mixed Platforms.ActiveCfg = Debug|Any CPU
		{07DDA3AD-EE3B-4FE5-B532-059629C6A24E}.Debug|Mixed Platforms.Build.0 = Debug|Any CPU
		{07DDA3AD-EE3B-4FE5-B532-059629C6A24E}.Debug|x64.ActiveCfg = Debug|Any CPU
		{07DDA3AD-EE3B-4FE5-B532-059629C6A24E}.Debug|x86.ActiveCfg = Debug|Any CPU
		{07DDA3AD-EE3B-4FE5-B532-059629C6A24E}.Release|Any CPU.ActiveCfg = Release|Any CPU
		{07DDA3AD-EE3B-4FE5-B532-059629C6A24E}.Release|Any CPU.Build.0 = Release|Any CPU
		{07DDA3AD-EE3B-4FE5-B532-059629C6A24E}.Release|ARM.ActiveCfg = Release|Any CPU
		{07DDA3AD-EE3B-4FE5-B532-059629C6A24E}.Release|Mixed Platforms.ActiveCfg = Release|Any CPU
		{07DDA3AD-EE3B-4FE5-B532-059629C6A24E}.Release|Mixed Platforms.Build.0 = Release|Any CPU
		{07DDA3AD-EE3B-4FE5-B532-059629C6A24E}.Release|x64.ActiveCfg = Release|Any CPU
		{07DDA3AD-EE3B-4FE5-B532-059629C6A24E}.Release|x86.ActiveCfg = Release|Any CPU
	EndGlobalSection
	GlobalSection(SolutionProperties) = preSolution
		HideSolutionNode = FALSE
	EndGlobalSection
	GlobalSection(NestedProjects) = preSolution
		{0334B071-1FB1-4372-B500-4BC58A11EE59} = {B6D30B2A-B2CC-4BAD-A5AB-8ABD7B665EE7}
		{07DDA3AD-EE3B-4FE5-B532-059629C6A24E} = {3F625E98-D620-4CF3-BD83-5C97B7360496}
		{3F625E98-D620-4CF3-BD83-5C97B7360496} = {B6D30B2A-B2CC-4BAD-A5AB-8ABD7B665EE7}
	EndGlobalSection
EndGlobal
